
Microsoft Visual Studio Solution File, Format Version 12.00
# Visual Studio Version 17
VisualStudioVersion = 17.3.32929.385
MinimumVisualStudioVersion = 10.0.40219.1
Project("{9A19103F-16F7-4668-BE54-9A1E7A4F7556}") = "Messaging.Contracts", "Messaging.Contracts\Messaging.Contracts.csproj", "{CE5C6052-9708-461A-AB29-1BF0E96402E5}"
EndProject
Project("{9A19103F-16F7-4668-BE54-9A1E7A4F7556}") = "Messaging.Sdk", "Messaging.Sdk\Messaging.Sdk.csproj", "{10FFFE5B-5930-4375-B019-1E493FB0BD6C}"
EndProject
Project("{9A19103F-16F7-4668-BE54-9A1E7A4F7556}") = "Messaging.Sdk.Client", "Messaging.Sdk.Client\Messaging.Sdk.Client.csproj", "{DAAF44AE-7919-4843-83E9-C463A4CD0E6E}"
EndProject
Global
	GlobalSection(SolutionConfigurationPlatforms) = preSolution
		Debug|Any CPU = Debug|Any CPU
		Release|Any CPU = Release|Any CPU
	EndGlobalSection
	GlobalSection(ProjectConfigurationPlatforms) = postSolution
		{CE5C6052-9708-461A-AB29-1BF0E96402E5}.Debug|Any CPU.ActiveCfg = Debug|Any CPU
		{CE5C6052-9708-461A-AB29-1BF0E96402E5}.Debug|Any CPU.Build.0 = Debug|Any CPU
		{CE5C6052-9708-461A-AB29-1BF0E96402E5}.Release|Any CPU.ActiveCfg = Release|Any CPU
		{CE5C6052-9708-461A-AB29-1BF0E96402E5}.Release|Any CPU.Build.0 = Release|Any CPU
		{10FFFE5B-5930-4375-B019-1E493FB0BD6C}.Debug|Any CPU.ActiveCfg = Debug|Any CPU
		{10FFFE5B-5930-4375-B019-1E493FB0BD6C}.Debug|Any CPU.Build.0 = Debug|Any CPU
		{10FFFE5B-5930-4375-B019-1E493FB0BD6C}.Release|Any CPU.ActiveCfg = Release|Any CPU
		{10FFFE5B-5930-4375-B019-1E493FB0BD6C}.Release|Any CPU.Build.0 = Release|Any CPU
		{DAAF44AE-7919-4843-83E9-C463A4CD0E6E}.Debug|Any CPU.ActiveCfg = Debug|Any CPU
		{DAAF44AE-7919-4843-83E9-C463A4CD0E6E}.Debug|Any CPU.Build.0 = Debug|Any CPU
		{DAAF44AE-7919-4843-83E9-C463A4CD0E6E}.Release|Any CPU.ActiveCfg = Release|Any CPU
		{DAAF44AE-7919-4843-83E9-C463A4CD0E6E}.Release|Any CPU.Build.0 = Release|Any CPU
	EndGlobalSection
	GlobalSection(SolutionProperties) = preSolution
		HideSolutionNode = FALSE
	EndGlobalSection
	GlobalSection(ExtensibilityGlobals) = postSolution
		SolutionGuid = {A0277660-2820-453E-98DD-1FF3A57474A8}
	EndGlobalSection
EndGlobal
